
Microsoft Visual Studio Solution File, Format Version 12.00
# Visual Studio 15
VisualStudioVersion = 15.0.27004.2008
MinimumVisualStudioVersion = 10.0.40219.1
Project("{FAE04EC0-301F-11D3-BF4B-00C04F79EFBC}") = "PreviewWindowDemo", "PreviewWindowDemo\PreviewWindowDemo.csproj", "{677BA78E-32A5-41D2-9E0F-572F501B894E}"
EndProject
Project("{2150E333-8FDC-42A3-9474-1A3956D46DE8}") = "Solution Items", "Solution Items", "{C3F10218-21D8-4415-B07F-02970547EB0F}"
	ProjectSection(SolutionItems) = preProject
		..\README.md = ..\README.md
	EndProjectSection
EndProject
Global
	GlobalSection(SolutionConfigurationPlatforms) = preSolution
		Debug|ARM = Debug|ARM
		Debug|x64 = Debug|x64
		Debug|x86 = Debug|x86
		Release|ARM = Release|ARM
		Release|x64 = Release|x64
		Release|x86 = Release|x86
	EndGlobalSection
	GlobalSection(ProjectConfigurationPlatforms) = postSolution
		{677BA78E-32A5-41D2-9E0F-572F501B894E}.Debug|ARM.ActiveCfg = Debug|ARM
		{677BA78E-32A5-41D2-9E0F-572F501B894E}.Debug|ARM.Build.0 = Debug|ARM
		{677BA78E-32A5-41D2-9E0F-572F501B894E}.Debug|ARM.Deploy.0 = Debug|ARM
		{677BA78E-32A5-41D2-9E0F-572F501B894E}.Debug|x64.ActiveCfg = Debug|x64
		{677BA78E-32A5-41D2-9E0F-572F501B894E}.Debug|x64.Build.0 = Debug|x64
		{677BA78E-32A5-41D2-9E0F-572F501B894E}.Debug|x64.Deploy.0 = Debug|x64
		{677BA78E-32A5-41D2-9E0F-572F501B894E}.Debug|x86.ActiveCfg = Debug|x86
		{677BA78E-32A5-41D2-9E0F-572F501B894E}.Debug|x86.Build.0 = Debug|x86
		{677BA78E-32A5-41D2-9E0F-572F501B894E}.Debug|x86.Deploy.0 = Debug|x86
		{677BA78E-32A5-41D2-9E0F-572F501B894E}.Release|ARM.ActiveCfg = Release|ARM
		{677BA78E-32A5-41D2-9E0F-572F501B894E}.Release|ARM.Build.0 = Release|ARM
		{677BA78E-32A5-41D2-9E0F-572F501B894E}.Release|ARM.Deploy.0 = Release|ARM
		{677BA78E-32A5-41D2-9E0F-572F501B894E}.Release|x64.ActiveCfg = Release|x64
		{677BA78E-32A5-41D2-9E0F-572F501B894E}.Release|x64.Build.0 = Release|x64
		{677BA78E-32A5-41D2-9E0F-572F501B894E}.Release|x64.Deploy.0 = Release|x64
		{677BA78E-32A5-41D2-9E0F-572F501B894E}.Release|x86.ActiveCfg = Release|x86
		{677BA78E-32A5-41D2-9E0F-572F501B894E}.Release|x86.Build.0 = Release|x86
		{677BA78E-32A5-41D2-9E0F-572F501B894E}.Release|x86.Deploy.0 = Release|x86
	EndGlobalSection
	GlobalSection(SolutionProperties) = preSolution
		HideSolutionNode = FALSE
	EndGlobalSection
	GlobalSection(ExtensibilityGlobals) = postSolution
		SolutionGuid = {78FE183C-CFB5-4E00-8FA3-8D377B9AFD9B}
	EndGlobalSection
EndGlobal
